
Microsoft Visual Studio Solution File, Format Version 12.00
# Visual Studio 2013
VisualStudioVersion = 12.0.31101.0
MinimumVisualStudioVersion = 10.0.40219.1
Project("{262852C6-CD72-467D-83FE-5EEB1973A190}") = "BackboneTodoMobile", "BackboneTodoMobile\BackboneTodoMobile.jsproj", "{BBD35AE3-614E-4FBE-A764-9735EE526195}"
EndProject
Project("{2150E333-8FDC-42A3-9474-1A3956D46DE8}") = "Old code", "Old code", "{3E206782-2265-4FA7-815B-83BE44E183B2}"
	ProjectSection(SolutionItems) = preProject
		old_code\webapp\index.html = old_code\webapp\index.html
		old_code\webapp\index_mobile.html = old_code\webapp\index_mobile.html
	EndProjectSection
EndProject
Global
	GlobalSection(SolutionConfigurationPlatforms) = preSolution
		Debug|Android = Debug|Android
		Debug|iOS = Debug|iOS
		Debug|Windows Phone = Debug|Windows Phone
		Debug|Windows-AnyCPU = Debug|Windows-AnyCPU
		Debug|Windows-ARM = Debug|Windows-ARM
		Debug|Windows-x64 = Debug|Windows-x64
		Debug|Windows-x86 = Debug|Windows-x86
		Distribution|Android = Distribution|Android
		Distribution|iOS = Distribution|iOS
		Distribution|Windows Phone = Distribution|Windows Phone
		Distribution|Windows-AnyCPU = Distribution|Windows-AnyCPU
		Distribution|Windows-ARM = Distribution|Windows-ARM
		Distribution|Windows-x64 = Distribution|Windows-x64
		Distribution|Windows-x86 = Distribution|Windows-x86
		Release|Android = Release|Android
		Release|iOS = Release|iOS
		Release|Windows Phone = Release|Windows Phone
		Release|Windows-AnyCPU = Release|Windows-AnyCPU
		Release|Windows-ARM = Release|Windows-ARM
		Release|Windows-x64 = Release|Windows-x64
		Release|Windows-x86 = Release|Windows-x86
	EndGlobalSection
	GlobalSection(ProjectConfigurationPlatforms) = postSolution
		{BBD35AE3-614E-4FBE-A764-9735EE526195}.Debug|Android.ActiveCfg = Debug|Android
		{BBD35AE3-614E-4FBE-A764-9735EE526195}.Debug|Android.Build.0 = Debug|Android
		{BBD35AE3-614E-4FBE-A764-9735EE526195}.Debug|iOS.ActiveCfg = Debug|iOS
		{BBD35AE3-614E-4FBE-A764-9735EE526195}.Debug|iOS.Build.0 = Debug|iOS
		{BBD35AE3-614E-4FBE-A764-9735EE526195}.Debug|Windows Phone.ActiveCfg = Debug|Windows Phone
		{BBD35AE3-614E-4FBE-A764-9735EE526195}.Debug|Windows Phone.Build.0 = Debug|Windows Phone
		{BBD35AE3-614E-4FBE-A764-9735EE526195}.Debug|Windows-AnyCPU.ActiveCfg = Debug|Windows-AnyCPU
		{BBD35AE3-614E-4FBE-A764-9735EE526195}.Debug|Windows-AnyCPU.Build.0 = Debug|Windows-AnyCPU
		{BBD35AE3-614E-4FBE-A764-9735EE526195}.Debug|Windows-ARM.ActiveCfg = Debug|Windows-ARM
		{BBD35AE3-614E-4FBE-A764-9735EE526195}.Debug|Windows-ARM.Build.0 = Debug|Windows-ARM
		{BBD35AE3-614E-4FBE-A764-9735EE526195}.Debug|Windows-x64.ActiveCfg = Debug|Windows-x64
		{BBD35AE3-614E-4FBE-A764-9735EE526195}.Debug|Windows-x64.Build.0 = Debug|Windows-x64
		{BBD35AE3-614E-4FBE-A764-9735EE526195}.Debug|Windows-x86.ActiveCfg = Debug|Windows-x86
		{BBD35AE3-614E-4FBE-A764-9735EE526195}.Debug|Windows-x86.Build.0 = Debug|Windows-x86
		{BBD35AE3-614E-4FBE-A764-9735EE526195}.Distribution|Android.ActiveCfg = Distribution|Android
		{BBD35AE3-614E-4FBE-A764-9735EE526195}.Distribution|Android.Build.0 = Distribution|Android
		{BBD35AE3-614E-4FBE-A764-9735EE526195}.Distribution|iOS.ActiveCfg = Distribution|iOS
		{BBD35AE3-614E-4FBE-A764-9735EE526195}.Distribution|iOS.Build.0 = Distribution|iOS
		{BBD35AE3-614E-4FBE-A764-9735EE526195}.Distribution|Windows Phone.ActiveCfg = Distribution|Windows Phone
		{BBD35AE3-614E-4FBE-A764-9735EE526195}.Distribution|Windows Phone.Build.0 = Distribution|Windows Phone
		{BBD35AE3-614E-4FBE-A764-9735EE526195}.Distribution|Windows-AnyCPU.ActiveCfg = Distribution|Windows-AnyCPU
		{BBD35AE3-614E-4FBE-A764-9735EE526195}.Distribution|Windows-AnyCPU.Build.0 = Distribution|Windows-AnyCPU
		{BBD35AE3-614E-4FBE-A764-9735EE526195}.Distribution|Windows-ARM.ActiveCfg = Distribution|Windows-ARM
		{BBD35AE3-614E-4FBE-A764-9735EE526195}.Distribution|Windows-ARM.Build.0 = Distribution|Windows-ARM
		{BBD35AE3-614E-4FBE-A764-9735EE526195}.Distribution|Windows-x64.ActiveCfg = Distribution|Windows-x64
		{BBD35AE3-614E-4FBE-A764-9735EE526195}.Distribution|Windows-x64.Build.0 = Distribution|Windows-x64
		{BBD35AE3-614E-4FBE-A764-9735EE526195}.Distribution|Windows-x86.ActiveCfg = Distribution|Windows-x86
		{BBD35AE3-614E-4FBE-A764-9735EE526195}.Distribution|Windows-x86.Build.0 = Distribution|Windows-x86
		{BBD35AE3-614E-4FBE-A764-9735EE526195}.Release|Android.ActiveCfg = Release|Android
		{BBD35AE3-614E-4FBE-A764-9735EE526195}.Release|Android.Build.0 = Release|Android
		{BBD35AE3-614E-4FBE-A764-9735EE526195}.Release|iOS.ActiveCfg = Release|iOS
		{BBD35AE3-614E-4FBE-A764-9735EE526195}.Release|iOS.Build.0 = Release|iOS
		{BBD35AE3-614E-4FBE-A764-9735EE526195}.Release|Windows Phone.ActiveCfg = Release|Windows Phone
		{BBD35AE3-614E-4FBE-A764-9735EE526195}.Release|Windows Phone.Build.0 = Release|Windows Phone
		{BBD35AE3-614E-4FBE-A764-9735EE526195}.Release|Windows-AnyCPU.ActiveCfg = Release|Windows-AnyCPU
		{BBD35AE3-614E-4FBE-A764-9735EE526195}.Release|Windows-AnyCPU.Build.0 = Release|Windows-AnyCPU
		{BBD35AE3-614E-4FBE-A764-9735EE526195}.Release|Windows-ARM.ActiveCfg = Release|Windows-ARM
		{BBD35AE3-614E-4FBE-A764-9735EE526195}.Release|Windows-ARM.Build.0 = Release|Windows-ARM
		{BBD35AE3-614E-4FBE-A764-9735EE526195}.Release|Windows-x64.ActiveCfg = Release|Windows-x64
		{BBD35AE3-614E-4FBE-A764-9735EE526195}.Release|Windows-x64.Build.0 = Release|Windows-x64
		{BBD35AE3-614E-4FBE-A764-9735EE526195}.Release|Windows-x86.ActiveCfg = Release|Windows-x86
		{BBD35AE3-614E-4FBE-A764-9735EE526195}.Release|Windows-x86.Build.0 = Release|Windows-x86
	EndGlobalSection
	GlobalSection(SolutionProperties) = preSolution
		HideSolutionNode = FALSE
	EndGlobalSection
EndGlobal
